
Microsoft Visual Studio Solution File, Format Version 12.00
# Visual Studio Version 17
VisualStudioVersion = 17.9.34728.123
MinimumVisualStudioVersion = 10.0.40219.1
Project("{9A19103F-16F7-4668-BE54-9A1E7A4F7556}") = "EmployeeOrganizationSystem", "EmployeeOrganizationSystem\EmployeeOrganizationSystem.csproj", "{A45993C7-E54B-4B8C-BF62-B368D2F2E7EE}"
EndProject
Project("{FAE04EC0-301F-11D3-BF4B-00C04F79EFBC}") = "EmployeeDB", "EmployeeDB\EmployeeDB.csproj", "{7ADC5AEF-BDAD-4205-97A6-F0A30C71FD01}"
EndProject
Global
	GlobalSection(SolutionConfigurationPlatforms) = preSolution
		Debug|Any CPU = Debug|Any CPU
		Release|Any CPU = Release|Any CPU
	EndGlobalSection
	GlobalSection(ProjectConfigurationPlatforms) = postSolution
		{A45993C7-E54B-4B8C-BF62-B368D2F2E7EE}.Debug|Any CPU.ActiveCfg = Debug|Any CPU
		{A45993C7-E54B-4B8C-BF62-B368D2F2E7EE}.Debug|Any CPU.Build.0 = Debug|Any CPU
		{A45993C7-E54B-4B8C-BF62-B368D2F2E7EE}.Release|Any CPU.ActiveCfg = Release|Any CPU
		{A45993C7-E54B-4B8C-BF62-B368D2F2E7EE}.Release|Any CPU.Build.0 = Release|Any CPU
		{7ADC5AEF-BDAD-4205-97A6-F0A30C71FD01}.Debug|Any CPU.ActiveCfg = Debug|Any CPU
		{7ADC5AEF-BDAD-4205-97A6-F0A30C71FD01}.Debug|Any CPU.Build.0 = Debug|Any CPU
		{7ADC5AEF-BDAD-4205-97A6-F0A30C71FD01}.Release|Any CPU.ActiveCfg = Release|Any CPU
		{7ADC5AEF-BDAD-4205-97A6-F0A30C71FD01}.Release|Any CPU.Build.0 = Release|Any CPU
	EndGlobalSection
	GlobalSection(SolutionProperties) = preSolution
		HideSolutionNode = FALSE
	EndGlobalSection
	GlobalSection(ExtensibilityGlobals) = postSolution
		SolutionGuid = {845A7B14-E0A8-44EE-B2CB-436BFE0406DE}
	EndGlobalSection
EndGlobal
